[[package]]
name = "cloudpickle"
version = "1.6.0"
description = "Extended pickling support for Python objects"
category = "main"
optional = false
python-versions = ">=3.5"

[[package]]
name = "joblib"
version = "0.14.1"
description = "Lightweight pipelining: using Python functions as pipeline jobs."
category = "main"
optional = false
python-versions = "*"

[[package]]
name = "llvmlite"
version = "0.34.0"
description = "lightweight wrapper around basic LLVM functionality"
category = "main"
optional = false
python-versions = ">=3.6"

[[package]]
name = "numba"
version = "0.51.2"
description = "compiling Python code using LLVM"
category = "main"
optional = false
python-versions = ">=3.6"

[package.dependencies]
llvmlite = ">=0.34.0.dev0,<0.35"
numpy = ">=1.15"

[[package]]
name = "numpy"
version = "1.18.5"
description = "NumPy is the fundamental package for array computing with Python."
category = "main"
optional = false
python-versions = ">=3.5"

[[package]]
name = "pandas"
version = "1.2.4"
description = "Powerful data structures for data analysis, time series, and statistics"
category = "main"
optional = false
python-versions = ">=3.7.1"

[package.dependencies]
numpy = ">=1.16.5"
python-dateutil = ">=2.7.3"
pytz = ">=2017.3"

[package.extras]
test = ["pytest (>=5.0.1)", "pytest-xdist", "hypothesis (>=3.58)"]

[[package]]
name = "python-dateutil"
version = "2.8.1"
description = "Extensions to the standard Python datetime module"
category = "main"
optional = false
python-versions = "!=3.0.*,!=3.1.*,!=3.2.*,>=2.7"

[package.dependencies]
six = ">=1.5"

[[package]]
name = "pytz"
version = "2021.1"
description = "World timezone definitions, modern and historical"
category = "main"
optional = false
python-versions = "*"

[[package]]
name = "scikit-learn"
version = "0.24.2"
description = "A set of python modules for machine learning and data mining"
category = "main"
optional = false
python-versions = ">=3.6"

[package.dependencies]
joblib = ">=0.11"
numpy = ">=1.13.3"
scipy = ">=0.19.1"
threadpoolctl = ">=2.0.0"

[package.extras]
benchmark = ["matplotlib (>=2.1.1)", "pandas (>=0.25.0)", "memory-profiler (>=0.57.0)"]
docs = ["matplotlib (>=2.1.1)", "scikit-image (>=0.13)", "pandas (>=0.25.0)", "seaborn (>=0.9.0)", "memory-profiler (>=0.57.0)", "sphinx (>=3.2.0)", "sphinx-gallery (>=0.7.0)", "numpydoc (>=1.0.0)", "Pillow (>=7.1.2)", "sphinx-prompt (>=1.3.0)"]
examples = ["matplotlib (>=2.1.1)", "scikit-image (>=0.13)", "pandas (>=0.25.0)", "seaborn (>=0.9.0)"]
tests = ["matplotlib (>=2.1.1)", "scikit-image (>=0.13)", "pandas (>=0.25.0)", "pytest (>=5.0.1)", "pytest-cov (>=2.9.0)", "flake8 (>=3.8.2)", "mypy (>=0.770)", "pyamg (>=4.0.0)"]

[[package]]
name = "scipy"
version = "1.6.1"
description = "SciPy: Scientific Library for Python"
category = "main"
optional = false
python-versions = ">=3.7"

[package.dependencies]
numpy = ">=1.16.5"

[[package]]
name = "shap"
version = "0.39.0"
description = "A unified approach to explain the output of any machine learning model."
category = "main"
optional = false
python-versions = "*"

[package.dependencies]
cloudpickle = "*"
numba = "*"
numpy = "*"
pandas = "*"
scikit-learn = "*"
scipy = "*"
slicer = "0.0.7"
tqdm = ">4.25.0"

[package.extras]
all = ["pyod", "pytest", "sphinx-rtd-theme", "sentencepiece", "transformers", "lightgbm", "torch", "numpydoc", "nbsphinx", "opencv-python", "ipython", "pytest-mpl", "matplotlib", "xgboost", "catboost", "sphinx", "pytest-cov", "pyspark", "lime"]
docs = ["matplotlib", "ipython", "numpydoc", "sphinx-rtd-theme", "sphinx", "nbsphinx"]
others = ["lime"]
plots = ["matplotlib", "ipython"]
test = ["pytest", "pytest-mpl", "pytest-cov", "xgboost", "lightgbm", "catboost", "pyspark", "pyod", "transformers", "torch", "sentencepiece", "opencv-python"]

[[package]]
name = "six"
version = "1.16.0"
description = "Python 2 and 3 compatibility utilities"
category = "main"
optional = false
python-versions = ">=2.7, !=3.0.*, !=3.1.*, !=3.2.*"

[[package]]
name = "slicer"
version = "0.0.7"
description = "A small package for big slicing."
category = "main"
optional = false
python-versions = ">=3.6"

[[package]]
name = "threadpoolctl"
version = "2.1.0"
description = "threadpoolctl"
category = "main"
optional = false
python-versions = ">=3.5"

[[package]]
name = "tqdm"
version = "4.60.0"
description = "Fast, Extensible Progress Meter"
category = "main"
optional = false
python-versions = "!=3.0.*,!=3.1.*,!=3.2.*,!=3.3.*,>=2.7"

[package.extras]
dev = ["py-make (>=0.1.0)", "twine", "wheel"]
notebook = ["ipywidgets (>=6)"]
telegram = ["requests"]

[[package]]
name = "xgboost"
version = "1.2.1"
description = "XGBoost Python Package"
category = "main"
optional = false
python-versions = ">=3.6"

[package.dependencies]
numpy = "*"
scipy = "*"

[package.extras]
dask = ["dask", "pandas", "distributed"]
datatable = ["datatable"]
pandas = ["pandas"]
plotting = ["graphviz", "matplotlib"]
scikit-learn = ["scikit-learn"]

[metadata]
lock-version = "1.1"
python-versions = "^3.8"
content-hash = "b018f5196486fe31baef92710e07d1e391a56afb2f65fb62ced94892a5d7ce87"

[metadata.files]
cloudpickle = [
    {file = "cloudpickle-1.6.0-py3-none-any.whl", hash = "sha256:3a32d0eb0bc6f4d0c57fbc4f3e3780f7a81e6fee0fa935072884d58ae8e1cc7c"},
    {file = "cloudpickle-1.6.0.tar.gz", hash = "sha256:9bc994f9e9447593bd0a45371f0e7ac7333710fcf64a4eb9834bf149f4ef2f32"},
]
joblib = [
    {file = "joblib-0.14.1-py2.py3-none-any.whl", hash = "sha256:bdb4fd9b72915ffb49fde2229ce482dd7ae79d842ed8c2b4c932441495af1403"},
    {file = "joblib-0.14.1.tar.gz", hash = "sha256:0630eea4f5664c463f23fbf5dcfc54a2bc6168902719fa8e19daf033022786c8"},
]
llvmlite = [
    {file = "llvmlite-0.34.0-cp36-cp36m-macosx_10_9_x86_64.whl", hash = "sha256:11342e5ac320c953590bdd9d0dec8c52f4b5252c4c6335ba25f1e7b9f91f9325"},
    {file = "llvmlite-0.34.0-cp36-cp36m-manylinux2010_i686.whl", hash = "sha256:5bdf0ce430adfaf938ced5844d12f80616eb8321b5b9edfc45ef84ada5c5242c"},
    {file = "llvmlite-0.34.0-cp36-cp36m-manylinux2010_x86_64.whl", hash = "sha256:e08d9d2dc5a31636bfc6b516d2d7daba95632afa3419eb8730dc76a7951e9558"},
    {file = "llvmlite-0.34.0-cp36-cp36m-win32.whl", hash = "sha256:9ff1dcdad03be0cf953aca5fc8cffdca25ccee2ec9e8ec7e95571722cdc02d55"},
    {file = "llvmlite-0.34.0-cp36-cp36m-win_amd64.whl", hash = "sha256:5acdc3c3c7ea0ef7a1a6b442272e05d695bc8492e5b07666135ed1cfbf4ab9d2"},
    {file = "llvmlite-0.34.0-cp37-cp37m-macosx_10_9_x86_64.whl", hash = "sha256:bb96989bc57a1ccb131e7a0e061d07b68139b6f81a98912345d53d9239e231e1"},
    {file = "llvmlite-0.34.0-cp37-cp37m-manylinux2010_i686.whl", hash = "sha256:6d3f81992f52a94077e7b9b16497029daf5b5eebb2cce56f3c8345bbc9c6308e"},
    {file = "llvmlite-0.34.0-cp37-cp37m-manylinux2010_x86_64.whl", hash = "sha256:d841248d1c630426c93e3eb3f8c45bca0dab77c09faeb7553b1a500220e362ce"},
    {file = "llvmlite-0.34.0-cp37-cp37m-win32.whl", hash = "sha256:408b15ffec30696406e821c89da010f1bb1eb0aa572be4561c98eb2536d610ab"},
    {file = "llvmlite-0.34.0-cp37-cp37m-win_amd64.whl", hash = "sha256:5d1f370bf150db7239204f09cf6a0603292ea28bac984e69b167e16fe160d803"},
    {file = "llvmlite-0.34.0-cp38-cp38-macosx_10_9_x86_64.whl", hash = "sha256:132322bc084abf336c80dd106f9357978c8c085911fb656898d3be0d9ff057ea"},
    {file = "llvmlite-0.34.0-cp38-cp38-manylinux2010_i686.whl", hash = "sha256:8f344102745fceba6eb5bf03c228bb290e9bc79157e9506a4a72878d636f9b3c"},
    {file = "llvmlite-0.34.0-cp38-cp38-manylinux2010_x86_64.whl", hash = "sha256:05253f3f44fab0148276335b2c1b2c4a78143dfa78e6bafd7f937d6248f297cc"},
    {file = "llvmlite-0.34.0-cp38-cp38-win32.whl", hash = "sha256:28264f9e2b3df4135cbcfca5a91c5b0b31dd3fc02fa623b4bb13327f0cd4fc80"},
    {file = "llvmlite-0.34.0-cp38-cp38-win_amd64.whl", hash = "sha256:964f8f7a2184963cb3617d057c2382575953e488b7bb061b632ee014cfef110a"},
    {file = "llvmlite-0.34.0.tar.gz", hash = "sha256:f03ee0d19bca8f2fe922bb424a909d05c28411983b0c2bc58b020032a0d11f63"},
]
numba = [
    {file = "numba-0.51.2-cp36-cp36m-macosx_10_14_x86_64.whl", hash = "sha256:af798310eeb318c56cdb83254abbe9a938cc0182d08671d7f9f032dc817e064d"},
    {file = "numba-0.51.2-cp36-cp36m-manylinux2014_i686.whl", hash = "sha256:93e18350f2094e7432321c1275730a3143b94af012fb609cc180fa376c44867f"},
    {file = "numba-0.51.2-cp36-cp36m-manylinux2014_x86_64.whl", hash = "sha256:9e2bb1f129bfadd757ad7a9c18ab79c3ab25ce6d6a68e58565d6c52ad07b3566"},
    {file = "numba-0.51.2-cp36-cp36m-win32.whl", hash = "sha256:31cdf6b6d1301d5fb6c4fcb8b4c711ba5c9f60ba2fca008b550da9b56185367c"},
    {file = "numba-0.51.2-cp36-cp36m-win_amd64.whl", hash = "sha256:df6edca13c04a31fdb5addf5205199478a7da372712829157ef491e8a6e7031f"},
    {file = "numba-0.51.2-cp37-cp37m-macosx_10_14_x86_64.whl", hash = "sha256:a628122dacfcba9a3ea68a9e95578c6b6391016e34962c46550ea8e189e0412e"},
    {file = "numba-0.51.2-cp37-cp37m-manylinux2014_i686.whl", hash = "sha256:106736d5a8dab6bebce989d4ab1b3f169c264582598f172e6e5b736210d2e834"},
    {file = "numba-0.51.2-cp37-cp37m-manylinux2014_x86_64.whl", hash = "sha256:a12f16fdb4ca5edc94e2ef412e4e768c29217ef9b6fdfc237d064ebe30acfe14"},
    {file = "numba-0.51.2-cp37-cp37m-win32.whl", hash = "sha256:025b033fd31c44bba17802293c81270084b5454b5b055b8c10c394385c232f00"},
    {file = "numba-0.51.2-cp37-cp37m-win_amd64.whl", hash = "sha256:081788f584fa500339e9b74bf02e3c5029d408c114e555ada19cae0b92721416"},
    {file = "numba-0.51.2-cp38-cp38-macosx_10_14_x86_64.whl", hash = "sha256:5416b584183fd599afda11b947b64f89450fcf26a9c15b408167f412b98a3a94"},
    {file = "numba-0.51.2-cp38-cp38-manylinux2014_i686.whl", hash = "sha256:05da65dca2ac28a192c9d8f20e9e477eb1237205cfc4d131c414f5f8092c6639"},
    {file = "numba-0.51.2-cp38-cp38-manylinux2014_x86_64.whl", hash = "sha256:aee435e3b7e465dd49971f8ea76aa414532a87736916cb399534e017334d1138"},
    {file = "numba-0.51.2-cp38-cp38-win32.whl", hash = "sha256:bbbe2432433b11d3fadab0226a84c1a81918cb905ba1aeb022249e8d2ba8856c"},
    {file = "numba-0.51.2-cp38-cp38-win_amd64.whl", hash = "sha256:259e7c15b24feec4a99fb41eb8c47b5ad49b544d1a5ad40ad0252ef531ba06fd"},
    {file = "numba-0.51.2.tar.gz", hash = "sha256:16bd59572114adbf5f600ea383880d7b2071ae45477e84a24994e089ea390768"},
]
numpy = [
    {file = "numpy-1.18.5-cp35-cp35m-macosx_10_9_intel.whl", hash = "sha256:e91d31b34fc7c2c8f756b4e902f901f856ae53a93399368d9a0dc7be17ed2ca0"},
    {file = "numpy-1.18.5-cp35-cp35m-manylinux1_i686.whl", hash = "sha256:7d42ab8cedd175b5ebcb39b5208b25ba104842489ed59fbb29356f671ac93583"},
    {file = "numpy-1.18.5-cp35-cp35m-manylinux1_x86_64.whl", hash = "sha256:a78e438db8ec26d5d9d0e584b27ef25c7afa5a182d1bf4d05e313d2d6d515271"},
    {file = "numpy-1.18.5-cp35-cp35m-win32.whl", hash = "sha256:a87f59508c2b7ceb8631c20630118cc546f1f815e034193dc72390db038a5cb3"},
    {file = "numpy-1.18.5-cp35-cp35m-win_amd64.whl", hash = "sha256:965df25449305092b23d5145b9bdaeb0149b6e41a77a7d728b1644b3c99277c1"},
    {file = "numpy-1.18.5-cp36-cp36m-macosx_10_9_x86_64.whl", hash = "sha256:ac792b385d81151bae2a5a8adb2b88261ceb4976dbfaaad9ce3a200e036753dc"},
    {file = "numpy-1.18.5-cp36-cp36m-manylinux1_i686.whl", hash = "sha256:ef627986941b5edd1ed74ba89ca43196ed197f1a206a3f18cc9faf2fb84fd675"},
    {file = "numpy-1.18.5-cp36-cp36m-manylinux1_x86_64.whl", hash = "sha256:f718a7949d1c4f622ff548c572e0c03440b49b9531ff00e4ed5738b459f011e8"},
    {file = "numpy-1.18.5-cp36-cp36m-win32.whl", hash = "sha256:4064f53d4cce69e9ac613256dc2162e56f20a4e2d2086b1956dd2fcf77b7fac5"},
    {file = "numpy-1.18.5-cp36-cp36m-win_amd64.whl", hash = "sha256:b03b2c0badeb606d1232e5f78852c102c0a7989d3a534b3129e7856a52f3d161"},
    {file = "numpy-1.18.5-cp37-cp37m-macosx_10_9_x86_64.whl", hash = "sha256:a7acefddf994af1aeba05bbbafe4ba983a187079f125146dc5859e6d817df824"},
    {file = "numpy-1.18.5-cp37-cp37m-manylinux1_i686.whl", hash = "sha256:cd49930af1d1e49a812d987c2620ee63965b619257bd76eaaa95870ca08837cf"},
    {file = "numpy-1.18.5-cp37-cp37m-manylinux1_x86_64.whl", hash = "sha256:b39321f1a74d1f9183bf1638a745b4fd6fe80efbb1f6b32b932a588b4bc7695f"},
    {file = "numpy-1.18.5-cp37-cp37m-win32.whl", hash = "sha256:cae14a01a159b1ed91a324722d746523ec757357260c6804d11d6147a9e53e3f"},
    {file = "numpy-1.18.5-cp37-cp37m-win_amd64.whl", hash = "sha256:0172304e7d8d40e9e49553901903dc5f5a49a703363ed756796f5808a06fc233"},
    {file = "numpy-1.18.5-cp38-cp38-macosx_10_9_x86_64.whl", hash = "sha256:e15b382603c58f24265c9c931c9a45eebf44fe2e6b4eaedbb0d025ab3255228b"},
    {file = "numpy-1.18.5-cp38-cp38-manylinux1_i686.whl", hash = "sha256:3676abe3d621fc467c4c1469ee11e395c82b2d6b5463a9454e37fe9da07cd0d7"},
    {file = "numpy-1.18.5-cp38-cp38-manylinux1_x86_64.whl", hash = "sha256:4674f7d27a6c1c52a4d1aa5f0881f1eff840d2206989bae6acb1c7668c02ebfb"},
    {file = "numpy-1.18.5-cp38-cp38-win32.whl", hash = "sha256:9c9d6531bc1886454f44aa8f809268bc481295cf9740827254f53c30104f074a"},
    {file = "numpy-1.18.5-cp38-cp38-win_amd64.whl", hash = "sha256:3dd6823d3e04b5f223e3e265b4a1eae15f104f4366edd409e5a5e413a98f911f"},
    {file = "numpy-1.18.5.zip", hash = "sha256:34e96e9dae65c4839bd80012023aadd6ee2ccb73ce7fdf3074c62f301e63120b"},
]
pandas = [
    {file = "pandas-1.2.4-cp37-cp37m-macosx_10_9_x86_64.whl", hash = "sha256:c601c6fdebc729df4438ec1f62275d6136a0dd14d332fc0e8ce3f7d2aadb4dd6"},
    {file = "pandas-1.2.4-cp37-cp37m-manylinux1_i686.whl", hash = "sha256:8d4c74177c26aadcfb4fd1de6c1c43c2bf822b3e0fc7a9b409eeaf84b3e92aaa"},
    {file = "pandas-1.2.4-cp37-cp37m-manylinux1_x86_64.whl", hash = "sha256:b730add5267f873b3383c18cac4df2527ac4f0f0eed1c6cf37fcb437e25cf558"},
    {file = "pandas-1.2.4-cp37-cp37m-win32.whl", hash = "sha256:2cb7e8f4f152f27dc93f30b5c7a98f6c748601ea65da359af734dd0cf3fa733f"},
    {file = "pandas-1.2.4-cp37-cp37m-win_amd64.whl", hash = "sha256:2111c25e69fa9365ba80bbf4f959400054b2771ac5d041ed19415a8b488dc70a"},
    {file = "pandas-1.2.4-cp38-cp38-macosx_10_9_x86_64.whl", hash = "sha256:167693a80abc8eb28051fbd184c1b7afd13ce2c727a5af47b048f1ea3afefff4"},
    {file = "pandas-1.2.4-cp38-cp38-manylinux1_i686.whl", hash = "sha256:612add929bf3ba9d27b436cc8853f5acc337242d6b584203f207e364bb46cb12"},
    {file = "pandas-1.2.4-cp38-cp38-manylinux1_x86_64.whl", hash = "sha256:971e2a414fce20cc5331fe791153513d076814d30a60cd7348466943e6e909e4"},
    {file = "pandas-1.2.4-cp38-cp38-win32.whl", hash = "sha256:68d7baa80c74aaacbed597265ca2308f017859123231542ff8a5266d489e1858"},
    {file = "pandas-1.2.4-cp38-cp38-win_amd64.whl", hash = "sha256:bd659c11a4578af740782288cac141a322057a2e36920016e0fc7b25c5a4b686"},
    {file = "pandas-1.2.4-cp39-cp39-macosx_10_9_x86_64.whl", hash = "sha256:9db70ffa8b280bb4de83f9739d514cd0735825e79eef3a61d312420b9f16b758"},
    {file = "pandas-1.2.4-cp39-cp39-manylinux1_i686.whl", hash = "sha256:298f0553fd3ba8e002c4070a723a59cdb28eda579f3e243bc2ee397773f5398b"},
    {file = "pandas-1.2.4-cp39-cp39-manylinux1_x86_64.whl", hash = "sha256:52d2472acbb8a56819a87aafdb8b5b6d2b3386e15c95bde56b281882529a7ded"},
    {file = "pandas-1.2.4-cp39-cp39-win32.whl", hash = "sha256:d0877407359811f7b853b548a614aacd7dea83b0c0c84620a9a643f180060950"},
    {file = "pandas-1.2.4-cp39-cp39-win_amd64.whl", hash = "sha256:2b063d41803b6a19703b845609c0b700913593de067b552a8b24dd8eeb8c9895"},
    {file = "pandas-1.2.4.tar.gz", hash = "sha256:649ecab692fade3cbfcf967ff936496b0cfba0af00a55dfaacd82bdda5cb2279"},
]
python-dateutil = [
    {file = "python-dateutil-2.8.1.tar.gz", hash = "sha256:73ebfe9dbf22e832286dafa60473e4cd239f8592f699aa5adaf10050e6e1823c"},
    {file = "python_dateutil-2.8.1-py2.py3-none-any.whl", hash = "sha256:75bb3f31ea686f1197762692a9ee6a7550b59fc6ca3a1f4b5d7e32fb98e2da2a"},
]
pytz = [
    {file = "pytz-2021.1-py2.py3-none-any.whl", hash = "sha256:eb10ce3e7736052ed3623d49975ce333bcd712c7bb19a58b9e2089d4057d0798"},
    {file = "pytz-2021.1.tar.gz", hash = "sha256:83a4a90894bf38e243cf052c8b58f381bfe9a7a483f6a9cab140bc7f702ac4da"},
]
scikit-learn = [
    {file = "scikit-learn-0.24.2.tar.gz", hash = "sha256:d14701a12417930392cd3898e9646cf5670c190b933625ebe7511b1f7d7b8736"},
    {file = "scikit_learn-0.24.2-cp36-cp36m-macosx_10_13_x86_64.whl", hash = "sha256:d5bf9c863ba4717b3917b5227463ee06860fc43931dc9026747de416c0a10fee"},
    {file = "scikit_learn-0.24.2-cp36-cp36m-manylinux1_i686.whl", hash = "sha256:5beaeb091071625e83f5905192d8aecde65ba2f26f8b6719845bbf586f7a04a1"},
    {file = "scikit_learn-0.24.2-cp36-cp36m-manylinux1_x86_64.whl", hash = "sha256:06ffdcaaf81e2a3b1b50c3ac6842cfb13df2d8b737d61f64643ed61da7389cde"},
    {file = "scikit_learn-0.24.2-cp36-cp36m-manylinux2010_i686.whl", hash = "sha256:fec42690a2eb646b384eafb021c425fab48991587edb412d4db77acc358b27ce"},
    {file = "scikit_learn-0.24.2-cp36-cp36m-manylinux2010_x86_64.whl", hash = "sha256:5ff3e4e4cf7592d36541edec434e09fb8ab9ba6b47608c4ffe30c9038d301897"},
    {file = "scikit_learn-0.24.2-cp36-cp36m-manylinux2014_aarch64.whl", hash = "sha256:3cbd734e1aefc7c5080e6b6973fe062f97c26a1cdf1a991037ca196ce1c8f427"},
    {file = "scikit_learn-0.24.2-cp36-cp36m-win32.whl", hash = "sha256:f74429a07fedb36a03c159332b914e6de757176064f9fed94b5f79ebac07d913"},
    {file = "scikit_learn-0.24.2-cp36-cp36m-win_amd64.whl", hash = "sha256:dd968a174aa82f3341a615a033fa6a8169e9320cbb46130686562db132d7f1f0"},
    {file = "scikit_learn-0.24.2-cp37-cp37m-macosx_10_13_x86_64.whl", hash = "sha256:49ec0b1361da328da9bb7f1a162836028e72556356adeb53342f8fae6b450d47"},
    {file = "scikit_learn-0.24.2-cp37-cp37m-manylinux1_i686.whl", hash = "sha256:f18c3ed484eeeaa43a0d45dc2efb4d00fc6542ccdcfa2c45d7b635096a2ae534"},
    {file = "scikit_learn-0.24.2-cp37-cp37m-manylinux1_x86_64.whl", hash = "sha256:cdf24c1b9bbeb4936456b42ac5bd32c60bb194a344951acb6bfb0cddee5439a4"},
    {file = "scikit_learn-0.24.2-cp37-cp37m-manylinux2010_i686.whl", hash = "sha256:d177fe1ff47cc235942d628d41ee5b1c6930d8f009f1a451c39b5411e8d0d4cf"},
    {file = "scikit_learn-0.24.2-cp37-cp37m-manylinux2010_x86_64.whl", hash = "sha256:f3ec00f023d84526381ad0c0f2cff982852d035c921bbf8ceb994f4886c00c64"},
    {file = "scikit_learn-0.24.2-cp37-cp37m-manylinux2014_aarch64.whl", hash = "sha256:ae19ac105cf7ce8c205a46166992fdec88081d6e783ab6e38ecfbe45729f3c39"},
    {file = "scikit_learn-0.24.2-cp37-cp37m-win32.whl", hash = "sha256:f0ed4483c258fb23150e31b91ea7d25ff8495dba108aea0b0d4206a777705350"},
    {file = "scikit_learn-0.24.2-cp37-cp37m-win_amd64.whl", hash = "sha256:39b7e3b71bcb1fe46397185d6c1a5db1c441e71c23c91a31e7ad8cc3f7305f9a"},
    {file = "scikit_learn-0.24.2-cp38-cp38-macosx_10_13_x86_64.whl", hash = "sha256:90a297330f608adeb4d2e9786c6fda395d3150739deb3d42a86d9a4c2d15bc1d"},
    {file = "scikit_learn-0.24.2-cp38-cp38-manylinux1_i686.whl", hash = "sha256:f1d2108e770907540b5248977e4cff9ffaf0f73d0d13445ee938df06ca7579c6"},
    {file = "scikit_learn-0.24.2-cp38-cp38-manylinux1_x86_64.whl", hash = "sha256:1eec963fe9ffc827442c2e9333227c4d49749a44e592f305398c1db5c1563393"},
    {file = "scikit_learn-0.24.2-cp38-cp38-manylinux2010_i686.whl", hash = "sha256:2db429090b98045d71218a9ba913cc9b3fe78e0ba0b6b647d8748bc6d5a44080"},
    {file = "scikit_learn-0.24.2-cp38-cp38-manylinux2010_x86_64.whl", hash = "sha256:62214d2954377fcf3f31ec867dd4e436df80121e7a32947a0b3244f58f45e455"},
    {file = "scikit_learn-0.24.2-cp38-cp38-manylinux2014_aarch64.whl", hash = "sha256:8fac72b9688176922f9f54fda1ba5f7ffd28cbeb9aad282760186e8ceba9139a"},
    {file = "scikit_learn-0.24.2-cp38-cp38-win32.whl", hash = "sha256:ae426e3a52842c6b6d77d00f906b6031c8c2cfdfabd6af7511bb4bc9a68d720e"},
    {file = "scikit_learn-0.24.2-cp38-cp38-win_amd64.whl", hash = "sha256:038f4e9d6ef10e1f3fe82addc3a14735c299866eb10f2c77c090410904828312"},
    {file = "scikit_learn-0.24.2-cp39-cp39-macosx_10_13_x86_64.whl", hash = "sha256:48f273836e19901ba2beecd919f7b352f09310ce67c762f6e53bc6b81cacf1f0"},
    {file = "scikit_learn-0.24.2-cp39-cp39-manylinux1_i686.whl", hash = "sha256:a2a47449093dcf70babc930beba2ca0423cb7df2fa5fd76be5260703d67fa574"},
    {file = "scikit_learn-0.24.2-cp39-cp39-manylinux1_x86_64.whl", hash = "sha256:0e71ce9c7cbc20f6f8b860107ce15114da26e8675238b4b82b7e7cd37ca0c087"},
    {file = "scikit_learn-0.24.2-cp39-cp39-manylinux2010_i686.whl", hash = "sha256:2754c85b2287333f9719db7f23fb7e357f436deed512db3417a02bf6f2830aa5"},
    {file = "scikit_learn-0.24.2-cp39-cp39-manylinux2010_x86_64.whl", hash = "sha256:7be1b88c23cfac46e06404582215a917017cd2edaa2e4d40abe6aaff5458f24b"},
    {file = "scikit_learn-0.24.2-cp39-cp39-manylinux2014_aarch64.whl", hash = "sha256:4e6198675a6f9d333774671bd536668680eea78e2e81c0b19e57224f58d17f37"},
    {file = "scikit_learn-0.24.2-cp39-cp39-win32.whl", hash = "sha256:cbdb0b3db99dd1d5f69d31b4234367d55475add31df4d84a3bd690ef017b55e2"},
    {file = "scikit_learn-0.24.2-cp39-cp39-win_amd64.whl", hash = "sha256:40556bea1ef26ef54bc678d00cf138a63069144a0b5f3a436eecd8f3468b903e"},
]
scipy = [
    {file = "scipy-1.6.1-cp37-cp37m-macosx_10_9_x86_64.whl", hash = "sha256:a15a1f3fc0abff33e792d6049161b7795909b40b97c6cc2934ed54384017ab76"},
    {file = "scipy-1.6.1-cp37-cp37m-manylinux1_i686.whl", hash = "sha256:e79570979ccdc3d165456dd62041d9556fb9733b86b4b6d818af7a0afc15f092"},
    {file = "scipy-1.6.1-cp37-cp37m-manylinux1_x86_64.whl", hash = "sha256:a423533c55fec61456dedee7b6ee7dce0bb6bfa395424ea374d25afa262be261"},
    {file = "scipy-1.6.1-cp37-cp37m-manylinux2014_aarch64.whl", hash = "sha256:33d6b7df40d197bdd3049d64e8e680227151673465e5d85723b3b8f6b15a6ced"},
    {file = "scipy-1.6.1-cp37-cp37m-win32.whl", hash = "sha256:6725e3fbb47da428794f243864f2297462e9ee448297c93ed1dcbc44335feb78"},
    {file = "scipy-1.6.1-cp37-cp37m-win_amd64.whl", hash = "sha256:5fa9c6530b1661f1370bcd332a1e62ca7881785cc0f80c0d559b636567fab63c"},
    {file = "scipy-1.6.1-cp38-cp38-macosx_10_9_x86_64.whl", hash = "sha256:bd50daf727f7c195e26f27467c85ce653d41df4358a25b32434a50d8870fc519"},
    {file = "scipy-1.6.1-cp38-cp38-manylinux1_i686.whl", hash = "sha256:f46dd15335e8a320b0fb4685f58b7471702234cba8bb3442b69a3e1dc329c345"},
    {file = "scipy-1.6.1-cp38-cp38-manylinux1_x86_64.whl", hash = "sha256:0e5b0ccf63155d90da576edd2768b66fb276446c371b73841e3503be1d63fb5d"},
    {file = "scipy-1.6.1-cp38-cp38-manylinux2014_aarch64.whl", hash = "sha256:2481efbb3740977e3c831edfd0bd9867be26387cacf24eb5e366a6a374d3d00d"},
    {file = "scipy-1.6.1-cp38-cp38-win32.whl", hash = "sha256:68cb4c424112cd4be886b4d979c5497fba190714085f46b8ae67a5e4416c32b4"},
    {file = "scipy-1.6.1-cp38-cp38-win_amd64.whl", hash = "sha256:5f331eeed0297232d2e6eea51b54e8278ed8bb10b099f69c44e2558c090d06bf"},
    {file = "scipy-1.6.1-cp39-cp39-macosx_10_9_x86_64.whl", hash = "sha256:0c8a51d33556bf70367452d4d601d1742c0e806cd0194785914daf19775f0e67"},
    {file = "scipy-1.6.1-cp39-cp39-manylinux1_i686.whl", hash = "sha256:83bf7c16245c15bc58ee76c5418e46ea1811edcc2e2b03041b804e46084ab627"},
    {file = "scipy-1.6.1-cp39-cp39-manylinux1_x86_64.whl", hash = "sha256:794e768cc5f779736593046c9714e0f3a5940bc6dcc1dba885ad64cbfb28e9f0"},
    {file = "scipy-1.6.1-cp39-cp39-manylinux2014_aarch64.whl", hash = "sha256:5da5471aed911fe7e52b86bf9ea32fb55ae93e2f0fac66c32e58897cfb02fa07"},
    {file = "scipy-1.6.1-cp39-cp39-win32.whl", hash = "sha256:8e403a337749ed40af60e537cc4d4c03febddcc56cd26e774c9b1b600a70d3e4"},
    {file = "scipy-1.6.1-cp39-cp39-win_amd64.whl", hash = "sha256:a5193a098ae9f29af283dcf0041f762601faf2e595c0db1da929875b7570353f"},
    {file = "scipy-1.6.1.tar.gz", hash = "sha256:c4fceb864890b6168e79b0e714c585dbe2fd4222768ee90bc1aa0f8218691b11"},
]
shap = [
    {file = "shap-0.39.0-cp36-cp36m-win_amd64.whl", hash = "sha256:bf9af9b089ef95cb1ac0df80a43f8144aa9095d10f282cb5c19643ff88a6a79d"},
    {file = "shap-0.39.0-cp37-cp37m-win_amd64.whl", hash = "sha256:b44f9fbb7349f5406b98b4ec24c672f8fe932606bb7574a8aae2238410c55289"},
    {file = "shap-0.39.0-cp38-cp38-win_amd64.whl", hash = "sha256:c0d51b44c15eae1c12e51ed498f898cfc5e12d6be7e0d4f733ce6453f6ec85a4"},
    {file = "shap-0.39.0.tar.gz", hash = "sha256:0196a6c12cc98f8b48ce9c5968550902432b80290da6fa7be8655441a1c6251a"},
]
six = [
    {file = "six-1.16.0-py2.py3-none-any.whl", hash = "sha256:8abb2f1d86890a2dfb989f9a77cfcfd3e47c2a354b01111771326f8aa26e0254"},
    {file = "six-1.16.0.tar.gz", hash = "sha256:1e61c37477a1626458e36f7b1d82aa5c9b094fa4802892072e49de9c60c4c926"},
]
slicer = [
    {file = "slicer-0.0.7-py3-none-any.whl", hash = "sha256:0b94faa5251c0f23782c03f7b7eedda91d80144059645f452c4bc80fab875976"},
    {file = "slicer-0.0.7.tar.gz", hash = "sha256:f5d5f7b45f98d155b9c0ba6554fa9770c6b26d5793a3e77a1030fb56910ebeec"},
]
threadpoolctl = [
    {file = "threadpoolctl-2.1.0-py3-none-any.whl", hash = "sha256:38b74ca20ff3bb42caca8b00055111d74159ee95c4370882bbff2b93d24da725"},
    {file = "threadpoolctl-2.1.0.tar.gz", hash = "sha256:ddc57c96a38beb63db45d6c159b5ab07b6bced12c45a1f07b2b92f272aebfa6b"},
]
tqdm = [
    {file = "tqdm-4.60.0-py2.py3-none-any.whl", hash = "sha256:daec693491c52e9498632dfbe9ccfc4882a557f5fa08982db1b4d3adbe0887c3"},
    {file = "tqdm-4.60.0.tar.gz", hash = "sha256:ebdebdb95e3477ceea267decfc0784859aa3df3e27e22d23b83e9b272bf157ae"},
]
xgboost = [
    {file = "xgboost-1.2.1-py3-none-macosx_10_13_x86_64.macosx_10_14_x86_64.macosx_10_15_x86_64.whl", hash = "sha256:618257aab3fffe0b5b5c88f27d21dc16a388ac351a0da73a7cea1d6c74fb9899"},
    {file = "xgboost-1.2.1-py3-none-manylinux2010_x86_64.whl", hash = "sha256:e990258b13cdbfc8761c61bb196677b9de3f63173890d4448b533a570c8790e3"},
    {file = "xgboost-1.2.1-py3-none-manylinux2014_aarch64.whl", hash = "sha256:0b03f608b67df1a7d4f29abcb2952067790d61207073b033b1c99d2f3ddaef6c"},
    {file = "xgboost-1.2.1-py3-none-win_amd64.whl", hash = "sha256:f687948261795cc945e3a0b7b40721bccaa600d8d34212d7a0d8564e7310a5c9"},
    {file = "xgboost-1.2.1.tar.gz", hash = "sha256:7f22e30363b55a996adfcecb8520ed50e5d816909e669c649e52abeede9a2a8a"},
]
